{
    "_readme": [
        "This file locks the dependencies of your project to a known state",
        "Read more about it at https://getcomposer.org/doc/01-basic-usage.md#composer-lock-the-lock-file",
        "This file is @generated automatically"
    ],
    "content-hash": "7b012c4155c798e4b8456fd0a7858ba0",
    "packages": [
        {
            "name": "box/spout",
            "version": "v2.7.2",
            "source": {
                "type": "git",
                "url": "https://github.com/box/spout.git",
                "reference": "4a65466b6135d2aa28dd3bc52785a5e999f95fe8"
            },
            "dist": {
                "type": "zip",
                "url": "https://api.github.com/repos/box/spout/zipball/4a65466b6135d2aa28dd3bc52785a5e999f95fe8",
                "reference": "4a65466b6135d2aa28dd3bc52785a5e999f95fe8",
                "shasum": ""
            },
            "require": {
                "ext-simplexml": "*",
                "ext-xmlreader": "*",
                "ext-zip": "*",
                "php": ">=5.4.0"
            },
            "require-dev": {
                "phpunit/phpunit": "^4.8.0"
            },
            "suggest": {
                "ext-iconv": "To handle non UTF-8 CSV files (if \"php-intl\" is not already installed or is too limited)",
                "ext-intl": "To handle non UTF-8 CSV files (if \"iconv\" is not already installed)"
            },
            "type": "library",
            "extra": {
                "branch-alias": {
                    "dev-master": "2.8.x-dev"
                }
            },
            "autoload": {
                "psr-4": {
                    "Box\\Spout\\": "src/Spout"
                }
            },
            "notification-url": "https://packagist.org/downloads/",
            "license": [
                "Apache-2.0"
            ],
            "authors": [
                {
                    "name": "Adrien Loison",
                    "email": "adrien@box.com"
                }
            ],
            "description": "PHP Library to read and write spreadsheet files (CSV, XLSX and ODS), in a fast and scalable way",
            "homepage": "https://www.github.com/box/spout",
            "keywords": [
                "OOXML",
                "csv",
                "excel",
                "memory",
                "odf",
                "ods",
                "office",
                "open",
                "php",
                "read",
                "scale",
                "spreadsheet",
                "stream",
                "write",
                "xlsx"
            ],
            "time": "2017-03-28T13:07:48+00:00"
        },
        {
            "name": "catfan/medoo",
            "version": "v1.4.4",
            "source": {
                "type": "git",
                "url": "https://github.com/catfan/Medoo.git",
                "reference": "bcabbef4d8355d52fc4d19f17463e5e816c9ef44"
            },
            "dist": {
                "type": "zip",
                "url": "https://api.github.com/repos/catfan/Medoo/zipball/bcabbef4d8355d52fc4d19f17463e5e816c9ef44",
                "reference": "bcabbef4d8355d52fc4d19f17463e5e816c9ef44",
                "shasum": ""
            },
            "require": {
                "ext-pdo": "*",
                "php": ">=5.4"
            },
            "suggest": {
                "ext-pdo_dblib": "For MSSQL or Sybase database on Linux/UNIX platform",
                "ext-pdo_mysql": "For MySQL or MariaDB database",
                "ext-pdo_oci": "For Oracle database",
                "ext-pdo_oci8": "For Oracle version 8 database",
                "ext-pdo_pqsql": "For PostgreSQL database",
                "ext-pdo_sqlite": "For SQLite database",
                "ext-pdo_sqlsrv": "For MSSQL database on Windows platform"
            },
            "type": "framework",
            "autoload": {
                "psr-4": {
                    "Medoo\\": "/src"
                }
            },
            "notification-url": "https://packagist.org/downloads/",
            "license": [
                "MIT"
            ],
            "authors": [
                {
                    "name": "Angel Lai",
                    "email": "angel@catfan.me"
                }
            ],
            "description": "The lightest PHP database framework to accelerate development",
            "homepage": "https://medoo.in",
            "keywords": [
                "database",
                "lightweight",
                "mariadb",
                "mssql",
                "mysql",
                "oracle",
                "php framework",
                "postgresql",
                "sql",
                "sqlite"
            ],
            "time": "2017-06-02T15:25:04+00:00"
        },
        {
            "name": "klein/klein",
            "version": "v2.1.2",
            "source": {
                "type": "git",
                "url": "https://github.com/klein/klein.php.git",
                "reference": "6549676cc831b9417332b3d9485c64bbf7bac728"
            },
            "dist": {
                "type": "zip",
                "url": "https://api.github.com/repos/klein/klein.php/zipball/6549676cc831b9417332b3d9485c64bbf7bac728",
                "reference": "6549676cc831b9417332b3d9485c64bbf7bac728",
                "shasum": ""
            },
            "require": {
                "php": ">=5.3.0"
            },
            "require-dev": {
                "phpunit/php-code-coverage": "^2.2",
                "phpunit/phpunit": "^4.8",
                "squizlabs/php_codesniffer": "1.4.8"
            },
            "type": "library",
            "autoload": {
                "psr-4": {
                    "Klein\\": "src/Klein/"
                }
            },
            "notification-url": "https://packagist.org/downloads/",
            "license": [
                "MIT"
            ],
            "authors": [
                {
                    "name": "Chris O'Hara",
                    "email": "cohara87@gmail.com",
                    "homepage": "http://chris6f.com/",
                    "role": "Creator/Developer"
                },
                {
                    "name": "Trevor Suarez",
                    "email": "rican7@gmail.com",
                    "homepage": "https://trevorsuarez.com/",
                    "role": "Contributor/Developer"
                }
            ],
            "description": "A lightning fast router for PHP",
            "homepage": "https://github.com/klein/klein.php",
            "keywords": [
                "boilerplate",
                "router",
                "routing",
                "sinatra"
            ],
            "time": "2017-02-01T23:08:58+00:00"
        }
    ],
    "packages-dev": [],
    "aliases": [],
    "minimum-stability": "stable",
    "stability-flags": [],
    "prefer-stable": false,
    "prefer-lowest": false,
    "platform": [],
    "platform-dev": []
}
